
Microsoft Visual Studio Solution File, Format Version 12.00
# Visual Studio Version 16
VisualStudioVersion = 16.0.29519.181
MinimumVisualStudioVersion = 10.0.40219.1
Project("{FAE04EC0-301F-11D3-BF4B-00C04F79EFBC}") = "Mezei02", "Mezei02\Mezei02.csproj", "{1F4CD6D7-4E71-4587-96CD-D9B41192634A}"
EndProject
Global
	GlobalSection(SolutionConfigurationPlatforms) = preSolution
		Debug|Any CPU = Debug|Any CPU
		Release|Any CPU = Release|Any CPU
	EndGlobalSection
	GlobalSection(ProjectConfigurationPlatforms) = postSolution
		{1F4CD6D7-4E71-4587-96CD-D9B41192634A}.Debug|Any CPU.ActiveCfg = Debug|Any CPU
		{1F4CD6D7-4E71-4587-96CD-D9B41192634A}.Debug|Any CPU.Build.0 = Debug|Any CPU
		{1F4CD6D7-4E71-4587-96CD-D9B41192634A}.Release|Any CPU.ActiveCfg = Release|Any CPU
		{1F4CD6D7-4E71-4587-96CD-D9B41192634A}.Release|Any CPU.Build.0 = Release|Any CPU
	EndGlobalSection
	GlobalSection(SolutionProperties) = preSolution
		HideSolutionNode = FALSE
	EndGlobalSection
	GlobalSection(ExtensibilityGlobals) = postSolution
		SolutionGuid = {E3731B89-781C-4CDA-B3F0-8696C51D2D92}
	EndGlobalSection
EndGlobal
