
Microsoft Visual Studio Solution File, Format Version 12.00
# Visual Studio Version 16
VisualStudioVersion = 16.0.29613.14
MinimumVisualStudioVersion = 10.0.40219.1
Project("{FAE04EC0-301F-11D3-BF4B-00C04F79EFBC}") = "CSC340_1.14", "CSC340_1.14\CSC340_1.14.csproj", "{925515A4-2F38-49F9-AB73-5053BC2A8C1D}"
EndProject
Global
	GlobalSection(SolutionConfigurationPlatforms) = preSolution
		Debug|Any CPU = Debug|Any CPU
		Release|Any CPU = Release|Any CPU
	EndGlobalSection
	GlobalSection(ProjectConfigurationPlatforms) = postSolution
		{925515A4-2F38-49F9-AB73-5053BC2A8C1D}.Debug|Any CPU.ActiveCfg = Debug|Any CPU
		{925515A4-2F38-49F9-AB73-5053BC2A8C1D}.Debug|Any CPU.Build.0 = Debug|Any CPU
		{925515A4-2F38-49F9-AB73-5053BC2A8C1D}.Release|Any CPU.ActiveCfg = Release|Any CPU
		{925515A4-2F38-49F9-AB73-5053BC2A8C1D}.Release|Any CPU.Build.0 = Release|Any CPU
	EndGlobalSection
	GlobalSection(SolutionProperties) = preSolution
		HideSolutionNode = FALSE
	EndGlobalSection
	GlobalSection(ExtensibilityGlobals) = postSolution
		SolutionGuid = {B06C78CA-8AF1-4464-AB9D-3E1962FADE98}
	EndGlobalSection
EndGlobal
