
Microsoft Visual Studio Solution File, Format Version 12.00
# Visual Studio Version 16
VisualStudioVersion = 16.0.29709.97
MinimumVisualStudioVersion = 10.0.40219.1
Project("{FAE04EC0-301F-11D3-BF4B-00C04F79EFBC}") = "CircularBuffer", "CircularBuffer\CircularBuffer.csproj", "{ABFF3DE9-2A50-44A7-B2AC-7CE06CE29C72}"
EndProject
Global
	GlobalSection(SolutionConfigurationPlatforms) = preSolution
		Debug|Any CPU = Debug|Any CPU
		Release|Any CPU = Release|Any CPU
	EndGlobalSection
	GlobalSection(ProjectConfigurationPlatforms) = postSolution
		{ABFF3DE9-2A50-44A7-B2AC-7CE06CE29C72}.Debug|Any CPU.ActiveCfg = Debug|Any CPU
		{ABFF3DE9-2A50-44A7-B2AC-7CE06CE29C72}.Debug|Any CPU.Build.0 = Debug|Any CPU
		{ABFF3DE9-2A50-44A7-B2AC-7CE06CE29C72}.Release|Any CPU.ActiveCfg = Release|Any CPU
		{ABFF3DE9-2A50-44A7-B2AC-7CE06CE29C72}.Release|Any CPU.Build.0 = Release|Any CPU
	EndGlobalSection
	GlobalSection(SolutionProperties) = preSolution
		HideSolutionNode = FALSE
	EndGlobalSection
	GlobalSection(ExtensibilityGlobals) = postSolution
		SolutionGuid = {BD25AE8A-FCCC-4319-B53F-3C701C78417F}
	EndGlobalSection
EndGlobal
