
Microsoft Visual Studio Solution File, Format Version 12.00
# Visual Studio Version 16
VisualStudioVersion = 16.0.29806.167
MinimumVisualStudioVersion = 10.0.40219.1
Project("{FAE04EC0-301F-11D3-BF4B-00C04F79EFBC}") = "Queue_2Stacks", "Queue_2Stacks\Queue_2Stacks.csproj", "{AE2014BF-DDC0-432C-94C6-9904BFA9617F}"
EndProject
Global
	GlobalSection(SolutionConfigurationPlatforms) = preSolution
		Debug|Any CPU = Debug|Any CPU
		Release|Any CPU = Release|Any CPU
	EndGlobalSection
	GlobalSection(ProjectConfigurationPlatforms) = postSolution
		{AE2014BF-DDC0-432C-94C6-9904BFA9617F}.Debug|Any CPU.ActiveCfg = Debug|Any CPU
		{AE2014BF-DDC0-432C-94C6-9904BFA9617F}.Debug|Any CPU.Build.0 = Debug|Any CPU
		{AE2014BF-DDC0-432C-94C6-9904BFA9617F}.Release|Any CPU.ActiveCfg = Release|Any CPU
		{AE2014BF-DDC0-432C-94C6-9904BFA9617F}.Release|Any CPU.Build.0 = Release|Any CPU
	EndGlobalSection
	GlobalSection(SolutionProperties) = preSolution
		HideSolutionNode = FALSE
	EndGlobalSection
	GlobalSection(ExtensibilityGlobals) = postSolution
		SolutionGuid = {DF414800-5E8E-49A6-AD56-C1E4015C3D2F}
	EndGlobalSection
EndGlobal
