
Microsoft Visual Studio Solution File, Format Version 12.00
# Visual Studio Version 16
VisualStudioVersion = 16.0.29519.181
MinimumVisualStudioVersion = 10.0.40219.1
Project("{FAE04EC0-301F-11D3-BF4B-00C04F79EFBC}") = "NumberGenandSort", "NumberGenandSort\NumberGenandSort.csproj", "{4206E2B1-70E6-4260-8E6F-990B4AD9CEEA}"
EndProject
Global
	GlobalSection(SolutionConfigurationPlatforms) = preSolution
		Debug|Any CPU = Debug|Any CPU
		Release|Any CPU = Release|Any CPU
	EndGlobalSection
	GlobalSection(ProjectConfigurationPlatforms) = postSolution
		{4206E2B1-70E6-4260-8E6F-990B4AD9CEEA}.Debug|Any CPU.ActiveCfg = Debug|Any CPU
		{4206E2B1-70E6-4260-8E6F-990B4AD9CEEA}.Debug|Any CPU.Build.0 = Debug|Any CPU
		{4206E2B1-70E6-4260-8E6F-990B4AD9CEEA}.Release|Any CPU.ActiveCfg = Release|Any CPU
		{4206E2B1-70E6-4260-8E6F-990B4AD9CEEA}.Release|Any CPU.Build.0 = Release|Any CPU
	EndGlobalSection
	GlobalSection(SolutionProperties) = preSolution
		HideSolutionNode = FALSE
	EndGlobalSection
	GlobalSection(ExtensibilityGlobals) = postSolution
		SolutionGuid = {5E4B40B7-B0A4-4F37-BB0C-56F47F3DFE47}
	EndGlobalSection
EndGlobal
