
Microsoft Visual Studio Solution File, Format Version 12.00
# Visual Studio Version 16
VisualStudioVersion = 16.0.29709.97
MinimumVisualStudioVersion = 10.0.40219.1
Project("{FAE04EC0-301F-11D3-BF4B-00C04F79EFBC}") = "MyArrayList", "MyArrayList\MyArrayList.csproj", "{DF2E3DA9-2BBA-4F99-AE82-475E8DDEB392}"
EndProject
Global
	GlobalSection(SolutionConfigurationPlatforms) = preSolution
		Debug|Any CPU = Debug|Any CPU
		Release|Any CPU = Release|Any CPU
	EndGlobalSection
	GlobalSection(ProjectConfigurationPlatforms) = postSolution
		{DF2E3DA9-2BBA-4F99-AE82-475E8DDEB392}.Debug|Any CPU.ActiveCfg = Debug|Any CPU
		{DF2E3DA9-2BBA-4F99-AE82-475E8DDEB392}.Debug|Any CPU.Build.0 = Debug|Any CPU
		{DF2E3DA9-2BBA-4F99-AE82-475E8DDEB392}.Release|Any CPU.ActiveCfg = Release|Any CPU
		{DF2E3DA9-2BBA-4F99-AE82-475E8DDEB392}.Release|Any CPU.Build.0 = Release|Any CPU
	EndGlobalSection
	GlobalSection(SolutionProperties) = preSolution
		HideSolutionNode = FALSE
	EndGlobalSection
	GlobalSection(ExtensibilityGlobals) = postSolution
		SolutionGuid = {448C6477-EA4F-4D05-8519-9779099223DE}
	EndGlobalSection
EndGlobal
