
Microsoft Visual Studio Solution File, Format Version 12.00
# Visual Studio Version 16
VisualStudioVersion = 16.0.29519.181
MinimumVisualStudioVersion = 10.0.40219.1
Project("{FAE04EC0-301F-11D3-BF4B-00C04F79EFBC}") = "db_hangman_orig", "db_hangman_orig\db_hangman_orig.csproj", "{885731F4-1284-4021-B4FD-58A1F9A86E4E}"
EndProject
Global
	GlobalSection(SolutionConfigurationPlatforms) = preSolution
		Debug|Any CPU = Debug|Any CPU
		Release|Any CPU = Release|Any CPU
	EndGlobalSection
	GlobalSection(ProjectConfigurationPlatforms) = postSolution
		{885731F4-1284-4021-B4FD-58A1F9A86E4E}.Debug|Any CPU.ActiveCfg = Debug|Any CPU
		{885731F4-1284-4021-B4FD-58A1F9A86E4E}.Debug|Any CPU.Build.0 = Debug|Any CPU
		{885731F4-1284-4021-B4FD-58A1F9A86E4E}.Release|Any CPU.ActiveCfg = Release|Any CPU
		{885731F4-1284-4021-B4FD-58A1F9A86E4E}.Release|Any CPU.Build.0 = Release|Any CPU
	EndGlobalSection
	GlobalSection(SolutionProperties) = preSolution
		HideSolutionNode = FALSE
	EndGlobalSection
	GlobalSection(ExtensibilityGlobals) = postSolution
		SolutionGuid = {0F8DFEE8-3BF2-4F79-BCFC-F2CEB3C430AB}
	EndGlobalSection
EndGlobal
