
Microsoft Visual Studio Solution File, Format Version 12.00
# Visual Studio Version 16
VisualStudioVersion = 16.0.29709.97
MinimumVisualStudioVersion = 10.0.40219.1
Project("{FAE04EC0-301F-11D3-BF4B-00C04F79EFBC}") = "ReadStringLength", "ReadStringLength\ReadStringLength.csproj", "{AB1B4FC4-FF60-4054-A902-DD82A12361FE}"
EndProject
Global
	GlobalSection(SolutionConfigurationPlatforms) = preSolution
		Debug|Any CPU = Debug|Any CPU
		Release|Any CPU = Release|Any CPU
	EndGlobalSection
	GlobalSection(ProjectConfigurationPlatforms) = postSolution
		{AB1B4FC4-FF60-4054-A902-DD82A12361FE}.Debug|Any CPU.ActiveCfg = Debug|Any CPU
		{AB1B4FC4-FF60-4054-A902-DD82A12361FE}.Debug|Any CPU.Build.0 = Debug|Any CPU
		{AB1B4FC4-FF60-4054-A902-DD82A12361FE}.Release|Any CPU.ActiveCfg = Release|Any CPU
		{AB1B4FC4-FF60-4054-A902-DD82A12361FE}.Release|Any CPU.Build.0 = Release|Any CPU
	EndGlobalSection
	GlobalSection(SolutionProperties) = preSolution
		HideSolutionNode = FALSE
	EndGlobalSection
	GlobalSection(ExtensibilityGlobals) = postSolution
		SolutionGuid = {EEB69586-287D-42B5-B4C2-405D0FE2F873}
	EndGlobalSection
EndGlobal
